{
    "_meta": {
        "hash": {
            "sha256": "0043c45034278cc73e933f70dc03efec049989f3035b02f157d1068c7faee6a0"
        },
        "pipfile-spec": 6,
        "requires": {
            "python_version": "3.6"
        },
        "sources": [
            {
                "name": "pypi",
                "url": "https://pypi.org/simple",
                "verify_ssl": true
            }
        ]
    },
    "default": {
        "beaker": {
            "hashes": [
                "sha256:ad5d1c05027ee3be3a482ea39f8cb70339b41e5d6ace0cb861382754076d187e"
            ],
            "version": "==1.11.0"
        },
        "bjoern": {
            "hashes": [
                "sha256:a273b1e2dd4f9962668d416409d7936bf5535d58ba3b07bfa3520c9a71c57cd1"
            ],
            "index": "pypi",
            "version": "==2.2.3"
        },
        "certifi": {
            "hashes": [
                "sha256:1f422849db327d534e3d0c5f02a263458c3955ec0aae4ff09b95f195c59f4edd",
                "sha256:f05def092c44fbf25834a51509ef6e631dc19765ab8a57b4e7ab85531f0a9cf4"
            ],
            "version": "==2020.11.8"
        },
        "cffi": {
            "hashes": [
                "sha256:00a1ba5e2e95684448de9b89888ccd02c98d512064b4cb987d48f4b40aa0421e",
                "sha256:00e28066507bfc3fe865a31f325c8391a1ac2916219340f87dfad602c3e48e5d",
                "sha256:045d792900a75e8b1e1b0ab6787dd733a8190ffcf80e8c8ceb2fb10a29ff238a",
                "sha256:0638c3ae1a0edfb77c6765d487fee624d2b1ee1bdfeffc1f0b58c64d149e7eec",
                "sha256:105abaf8a6075dc96c1fe5ae7aae073f4696f2905fde6aeada4c9d2926752362",
                "sha256:155136b51fd733fa94e1c2ea5211dcd4c8879869008fc811648f16541bf99668",
                "sha256:1a465cbe98a7fd391d47dce4b8f7e5b921e6cd805ef421d04f5f66ba8f06086c",
                "sha256:1d2c4994f515e5b485fd6d3a73d05526aa0fcf248eb135996b088d25dfa1865b",
                "sha256:2c24d61263f511551f740d1a065eb0212db1dbbbbd241db758f5244281590c06",
                "sha256:51a8b381b16ddd370178a65360ebe15fbc1c71cf6f584613a7ea08bfad946698",
                "sha256:594234691ac0e9b770aee9fcdb8fa02c22e43e5c619456efd0d6c2bf276f3eb2",
                "sha256:5cf4be6c304ad0b6602f5c4e90e2f59b47653ac1ed9c662ed379fe48a8f26b0c",
                "sha256:64081b3f8f6f3c3de6191ec89d7dc6c86a8a43911f7ecb422c60e90c70be41c7",
                "sha256:6bc25fc545a6b3d57b5f8618e59fc13d3a3a68431e8ca5fd4c13241cd70d0009",
                "sha256:798caa2a2384b1cbe8a2a139d80734c9db54f9cc155c99d7cc92441a23871c03",
                "sha256:7c6b1dece89874d9541fc974917b631406233ea0440d0bdfbb8e03bf39a49b3b",
                "sha256:840793c68105fe031f34d6a086eaea153a0cd5c491cde82a74b420edd0a2b909",
                "sha256:8d6603078baf4e11edc4168a514c5ce5b3ba6e3e9c374298cb88437957960a53",
                "sha256:9cc46bc107224ff5b6d04369e7c595acb700c3613ad7bcf2e2012f62ece80c35",
                "sha256:9f7a31251289b2ab6d4012f6e83e58bc3b96bd151f5b5262467f4bb6b34a7c26",
                "sha256:9ffb888f19d54a4d4dfd4b3f29bc2c16aa4972f1c2ab9c4ab09b8ab8685b9c2b",
                "sha256:a5ed8c05548b54b998b9498753fb9cadbfd92ee88e884641377d8a8b291bcc01",
                "sha256:a7711edca4dcef1a75257b50a2fbfe92a65187c47dab5a0f1b9b332c5919a3fb",
                "sha256:af5c59122a011049aad5dd87424b8e65a80e4a6477419c0c1015f73fb5ea0293",
                "sha256:b18e0a9ef57d2b41f5c68beefa32317d286c3d6ac0484efd10d6e07491bb95dd",
                "sha256:b4e248d1087abf9f4c10f3c398896c87ce82a9856494a7155823eb45a892395d",
                "sha256:ba4e9e0ae13fc41c6b23299545e5ef73055213e466bd107953e4a013a5ddd7e3",
                "sha256:c6332685306b6417a91b1ff9fae889b3ba65c2292d64bd9245c093b1b284809d",
                "sha256:d5ff0621c88ce83a28a10d2ce719b2ee85635e85c515f12bac99a95306da4b2e",
                "sha256:d9efd8b7a3ef378dd61a1e77367f1924375befc2eba06168b6ebfa903a5e59ca",
                "sha256:df5169c4396adc04f9b0a05f13c074df878b6052430e03f50e68adf3a57aa28d",
                "sha256:ebb253464a5d0482b191274f1c8bf00e33f7e0b9c66405fbffc61ed2c839c775",
                "sha256:ec80dc47f54e6e9a78181ce05feb71a0353854cc26999db963695f950b5fb375",
                "sha256:f032b34669220030f905152045dfa27741ce1a6db3324a5bc0b96b6c7420c87b",
                "sha256:f60567825f791c6f8a592f3c6e3bd93dd2934e3f9dac189308426bd76b00ef3b",
                "sha256:f803eaa94c2fcda012c047e62bc7a51b0bdabda1cad7a92a522694ea2d76e49f"
            ],
            "version": "==1.14.4"
        },
        "chardet": {
            "hashes": [
                "sha256:84ab92ed1c4d4f16916e05906b6b75a6c0fb5db821cc65e70cbd64a3e2a5eaae",
                "sha256:fc323ffcaeaed0e0a02bf4d117757b98aed530d9ed4531e3e15460124c106691"
            ],
            "version": "==3.0.4"
        },
        "cryptography": {
            "hashes": [
                "sha256:07ca431b788249af92764e3be9a488aa1d39a0bc3be313d826bbec690417e538",
                "sha256:13b88a0bd044b4eae1ef40e265d006e34dbcde0c2f1e15eb9896501b2d8f6c6f",
                "sha256:32434673d8505b42c0de4de86da8c1620651abd24afe91ae0335597683ed1b77",
                "sha256:3cd75a683b15576cfc822c7c5742b3276e50b21a06672dc3a800a2d5da4ecd1b",
                "sha256:4e7268a0ca14536fecfdf2b00297d4e407da904718658c1ff1961c713f90fd33",
                "sha256:545a8550782dda68f8cdc75a6e3bf252017aa8f75f19f5a9ca940772fc0cb56e",
                "sha256:55d0b896631412b6f0c7de56e12eb3e261ac347fbaa5d5e705291a9016e5f8cb",
                "sha256:5849d59358547bf789ee7e0d7a9036b2d29e9a4ddf1ce5e06bb45634f995c53e",
                "sha256:6dc59630ecce8c1f558277ceb212c751d6730bd12c80ea96b4ac65637c4f55e7",
                "sha256:7117319b44ed1842c617d0a452383a5a052ec6aa726dfbaffa8b94c910444297",
                "sha256:75e8e6684cf0034f6bf2a97095cb95f81537b12b36a8fedf06e73050bb171c2d",
                "sha256:7b8d9d8d3a9bd240f453342981f765346c87ade811519f98664519696f8e6ab7",
                "sha256:a035a10686532b0587d58a606004aa20ad895c60c4d029afa245802347fab57b",
                "sha256:a4e27ed0b2504195f855b52052eadcc9795c59909c9d84314c5408687f933fc7",
                "sha256:a733671100cd26d816eed39507e585c156e4498293a907029969234e5e634bc4",
                "sha256:a75f306a16d9f9afebfbedc41c8c2351d8e61e818ba6b4c40815e2b5740bb6b8",
                "sha256:bd717aa029217b8ef94a7d21632a3bb5a4e7218a4513d2521c2a2fd63011e98b",
                "sha256:d25cecbac20713a7c3bc544372d42d8eafa89799f492a43b79e1dfd650484851",
                "sha256:d26a2557d8f9122f9bf445fc7034242f4375bd4e95ecda007667540270965b13",
                "sha256:d3545829ab42a66b84a9aaabf216a4dce7f16dbc76eb69be5c302ed6b8f4a29b",
                "sha256:d3d5e10be0cf2a12214ddee45c6bd203dab435e3d83b4560c03066eda600bfe3",
                "sha256:efe15aca4f64f3a7ea0c09c87826490e50ed166ce67368a68f315ea0807a20df"
            ],
            "version": "==3.2.1"
        },
        "defusedxml": {
            "hashes": [
                "sha256:6687150770438374ab581bb7a1b327a847dd9c5749e396102de3fad4e8a3ef93",
                "sha256:f684034d135af4c6cbb949b8a4d2ed61634515257a67299e5f940fbaa34377f5"
            ],
            "version": "==0.6.0"
        },
        "django": {
            "hashes": [
                "sha256:1a41831eace203fd1939edf899e07d7abd12ce9bafc3d9a5a63a24a8d1d12bd5",
                "sha256:305b6c4fce9e03bb746e35780c2c4d52f29ea1669f15633cfd41bc8821c74c76"
            ],
            "index": "pypi",
            "version": "==2.1.11"
        },
        "future": {
            "hashes": [
                "sha256:b1bead90b70cf6ec3f0710ae53a525360fa360d306a86583adc6bf83a4db537d"
            ],
            "version": "==0.18.2"
        },
        "idna": {
            "hashes": [
                "sha256:c357b3f628cf53ae2c4c05627ecc484553142ca23264e593d327bcde5e9c3407",
                "sha256:ea8b7f6188e6fa117537c3df7da9fc686d485087abf6ac197f9c46432f7e4a3c"
            ],
            "version": "==2.8"
        },
        "mako": {
            "hashes": [
                "sha256:8195c8c1400ceb53496064314c6736719c6f25e7479cd24c77be3d9361cddc27",
                "sha256:93729a258e4ff0747c876bd9e20df1b9758028946e976324ccd2d68245c7b6a9"
            ],
            "version": "==1.1.3"
        },
        "markupsafe": {
            "hashes": [
                "sha256:00bc623926325b26bb9605ae9eae8a215691f33cae5df11ca5424f06f2d1f473",
                "sha256:09027a7803a62ca78792ad89403b1b7a73a01c8cb65909cd876f7fcebd79b161",
                "sha256:09c4b7f37d6c648cb13f9230d847adf22f8171b1ccc4d5682398e77f40309235",
                "sha256:1027c282dad077d0bae18be6794e6b6b8c91d58ed8a8d89a89d59693b9131db5",
                "sha256:13d3144e1e340870b25e7b10b98d779608c02016d5184cfb9927a9f10c689f42",
                "sha256:24982cc2533820871eba85ba648cd53d8623687ff11cbb805be4ff7b4c971aff",
                "sha256:29872e92839765e546828bb7754a68c418d927cd064fd4708fab9fe9c8bb116b",
                "sha256:43a55c2930bbc139570ac2452adf3d70cdbb3cfe5912c71cdce1c2c6bbd9c5d1",
                "sha256:46c99d2de99945ec5cb54f23c8cd5689f6d7177305ebff350a58ce5f8de1669e",
                "sha256:500d4957e52ddc3351cabf489e79c91c17f6e0899158447047588650b5e69183",
                "sha256:535f6fc4d397c1563d08b88e485c3496cf5784e927af890fb3c3aac7f933ec66",
                "sha256:596510de112c685489095da617b5bcbbac7dd6384aeebeda4df6025d0256a81b",
                "sha256:62fe6c95e3ec8a7fad637b7f3d372c15ec1caa01ab47926cfdf7a75b40e0eac1",
                "sha256:6788b695d50a51edb699cb55e35487e430fa21f1ed838122d722e0ff0ac5ba15",
                "sha256:6dd73240d2af64df90aa7c4e7481e23825ea70af4b4922f8ede5b9e35f78a3b1",
                "sha256:717ba8fe3ae9cc0006d7c451f0bb265ee07739daf76355d06366154ee68d221e",
                "sha256:79855e1c5b8da654cf486b830bd42c06e8780cea587384cf6545b7d9ac013a0b",
                "sha256:7c1699dfe0cf8ff607dbdcc1e9b9af1755371f92a68f706051cc8c37d447c905",
                "sha256:88e5fcfb52ee7b911e8bb6d6aa2fd21fbecc674eadd44118a9cc3863f938e735",
                "sha256:8defac2f2ccd6805ebf65f5eeb132adcf2ab57aa11fdf4c0dd5169a004710e7d",
                "sha256:98c7086708b163d425c67c7a91bad6e466bb99d797aa64f965e9d25c12111a5e",
                "sha256:9add70b36c5666a2ed02b43b335fe19002ee5235efd4b8a89bfcf9005bebac0d",
                "sha256:9bf40443012702a1d2070043cb6291650a0841ece432556f784f004937f0f32c",
                "sha256:ade5e387d2ad0d7ebf59146cc00c8044acbd863725f887353a10df825fc8ae21",
                "sha256:b00c1de48212e4cc9603895652c5c410df699856a2853135b3967591e4beebc2",
                "sha256:b1282f8c00509d99fef04d8ba936b156d419be841854fe901d8ae224c59f0be5",
                "sha256:b2051432115498d3562c084a49bba65d97cf251f5a331c64a12ee7e04dacc51b",
                "sha256:ba59edeaa2fc6114428f1637ffff42da1e311e29382d81b339c1817d37ec93c6",
                "sha256:c8716a48d94b06bb3b2524c2b77e055fb313aeb4ea620c8dd03a105574ba704f",
                "sha256:cd5df75523866410809ca100dc9681e301e3c27567cf498077e8551b6d20e42f",
                "sha256:cdb132fc825c38e1aeec2c8aa9338310d29d337bebbd7baa06889d09a60a1fa2",
                "sha256:e249096428b3ae81b08327a63a485ad0878de3fb939049038579ac0ef61e17e7",
                "sha256:e8313f01ba26fbbe36c7be1966a7b7424942f670f38e666995b88d012765b9be"
            ],
            "version": "==1.1.1"
        },
        "oic": {
            "hashes": [
                "sha256:2946eb554b35e18f3031b29b7666821bbaac4d4a6e58a3c8fdd484f1a9465eb0",
                "sha256:3e7e9cb95d70d60393c55f41f34027c4b6abf9d6b10c4a392e0eb15a1eb860b6"
            ],
            "index": "pypi",
            "version": "==1.2.1"
        },
        "pycparser": {
            "hashes": [
                "sha256:2d475327684562c3a96cc71adf7dc8c4f0565175cf86b6d7a404ff4c771f15f0",
                "sha256:7582ad22678f0fcd81102833f60ef8d0e57288b6b5fb00323d101be910e35705"
            ],
            "version": "==2.20"
        },
        "pycryptodome": {
            "hashes": [
                "sha256:08dcfd52a6784c9ca6b8d098301326ec86a33b94e44759dac031ba71407a1a2e",
                "sha256:08de8132a11fe3df5a60ffc9292eabd713b77250650190bb5beeb01ef2593e51",
                "sha256:148349c2dfbe80c3dfe598c60147f7875ae9a1dc91beb79c15eade734262a1ab",
                "sha256:185c091af54f90d038efc7eeca586161e603bdcbcbaaef2bc7454147f66669d2",
                "sha256:1d0d94c09d032538a7b33eeb52eca21eb66db6f00689000066baf307cb7091c2",
                "sha256:249d4301eb1e41dce29550a6c8693d4a7d23a06cb2d8afb51f1f42680dd00de1",
                "sha256:2c7fe7b081f257d51138369ce3f8675cbae6d2b94f19b5abbf127b2b61db6b99",
                "sha256:3210d8ee57f92055b7c6c393e8770b331dd125b371007dcbcddca5dfc7d8c8ce",
                "sha256:331e93fdddf8e2779e85cc2e0cbb2bb173a9ebcfbd0eb77390f875e5db0f9940",
                "sha256:3b295dc48de69a8055c73d5d49b1355c9479ffeeff72d0c746fb25e205189fe1",
                "sha256:4617d3925bdd77e6930d2d3d343324062a3ebd87652808158f8d6f4be4e2161c",
                "sha256:500d932db4c418932510237911fb36f85d2452bd444bd0bee96c4a05223a0c81",
                "sha256:56857d04dadf51dfcc8223bea4127d739704c11a5aef365d373f8999a34d3c33",
                "sha256:5d8d9dd7ba37bb84773160ebb65ad7794517723a4a549367227bb1325ebb8925",
                "sha256:5e6ab7478243f56fb51a89b8946fbd6853e924cd2aba3c22513bc508d3807a27",
                "sha256:6650d66a513736d61bca9ca2b1c09deb72bf2dcdf47151507ec0c05595a5b0aa",
                "sha256:7a0ad14c046c7fe4f60d597f15fd58af41d25f143ff5c8742df3bd80b9008c7d",
                "sha256:7c360b9f8b01e704ca70404001cf298505df9b2158a0c29021361ddf7f73117f",
                "sha256:8365fbf5254f086e2ad9f589f026506b04e7cf7819a851c91a864bb2d7b35369",
                "sha256:9048ef02431b19d823bd758dcd30bef6b29f0a92e49efc3dbec30c8b96e77570",
                "sha256:a378c1aaddc8874a71205c4eee3aaddda99afbc62f213e065ac06df0686d42dc",
                "sha256:bf60769ef3fd33023cb10ab277903f84f07819465f463cbdae66f732054f90dc",
                "sha256:cbfa5f741ba3dc8e07d5beb7c8cacce629f47a15bb31d4625cec3b8b171c489d",
                "sha256:de3e9bb4d356a8bc72f848b7691ec760c8abfbbf368fcd7642240c3e6126e740",
                "sha256:e39b956d8dfa3377b8cafc90649fa715d5a17c12f7e7f117920664eddc410803",
                "sha256:f0377ce5ce4df524394e0745c807932895bb8f25d791ab24b47687d2e049d691",
                "sha256:f09ea14afb0b811cdfdaf2de01ad1a7f8c46faee81291d34044eff409b713cee",
                "sha256:f5fc7e3b2d29552f0383063408ce2bd295e9d3c7ef13377599aa300a3d2baef7"
            ],
            "index": "pypi",
            "version": "==3.7.2"
        },
        "pycryptodomex": {
            "hashes": [
                "sha256:09f433a6ca4b96a4c89096af9eaa20c5d5e9029a03266f6a80062163d2042030",
                "sha256:0bb7686dd46d40cace053941638d2db4f9d86a50a62d6100f14157162e56e82f",
                "sha256:13ef8e8a26a9ac7ae84616e9c500ca0cf721d3725d740124f68dda1b58e7d408",
                "sha256:195b6540f31cbe3dc7bf3877177bb4fe1a145ce02191efdd0cb6399bff275d4b",
                "sha256:329ca5986c5e5f6a60edc3ff8b70c28d6cb259491e35e44870db6a8d92430e50",
                "sha256:42b2eccccb9da547e0ff140784037ea31c1a37012488706b51cbcadb885d2053",
                "sha256:4b2817bd02dd7dd36f223917f9bcc90d658bb66124bc596d7e3a0c250509acf7",
                "sha256:5b765870e17bf82a992f2ebb312207da76dbf8694ce865fee847005cce9244e4",
                "sha256:5d4e10ad9ff7940da534119ef92a500dcf7c28351d15e12d74ef0ce025e37d5b",
                "sha256:75186284b593df724451869035bfab4a03b6b388ed6eea284ad7fe84c9b64ea0",
                "sha256:77928b02c28adb4d1d637c609aba380d890fb40ad63c58c826bef871c84cf488",
                "sha256:7cd21c1a4dd0879dc3b289afeb0033a9382da7d0a50cb9de8d0e59c1ab0977a7",
                "sha256:83b7fe71fb9d27ff12df9dd3f57ea84153a86f45a674ee2b4763aaaf8ca84988",
                "sha256:8a67f26365ddad6ae53c0b3800edce16d164e675ee773de31c110624e63736d8",
                "sha256:8e08238f8d146caabf9d80cca09dd31323a333f74f62323aabd075e7effbc45c",
                "sha256:938af93204c93d1f576acdef970e95dfd0bbe40133f4bbf73c4b12b67f7bd4ed",
                "sha256:b2f33943f91c764f2b27a1504cd3ec2c075deb7d1b8fcc3ab4d575bede7037a8",
                "sha256:b7efd0ac8b38dfdf8b2d387e84b007c843a66de9da437a950a86caa2d1437e1e",
                "sha256:b95b14e5baaa4ca77ecb7a3d0f85fd13a8e31ada83c5a2bae5652d446414d63d",
                "sha256:bad0c66c42d16e81eef2199b3c4fb78c873f54c7f9d156e69664e2138155747c",
                "sha256:c384a85bede5396eed50f6c0374d8c51490fc10fdc65dffc8e613b57e5ab0ee0",
                "sha256:c58a324a8eb48f767abe8c906295d76e04330aa0a03d99dd58d9a42938ee0596",
                "sha256:d498731d66f9b9ad978c9a8018b0c6cfc4081e202a79c6e283ade7dcf2a72c18",
                "sha256:d516746fc25daff1c5e84d3f816d134d75a10e3551ffac92aa957a75b6b0208f",
                "sha256:ec51ea9f11b11df2719a01ea1cacdcf80858542a93f530a25a3bc742d0fe2f4b",
                "sha256:ef2792281138a29e54bdd7302fdab72be140192485dc622bb9e7e9a6f9cee4f9",
                "sha256:f79650ec8812b01f20aca503763b93b0b1b347423ecf9fd3a9ebb611bee84079"
            ],
            "index": "pypi",
            "version": "==3.7.2"
        },
        "pyjwkest": {
            "hashes": [
                "sha256:5560fd5ba08655f29ff6ad1df1e15dc05abc9d976fcbcec8d2b5167f49b70222"
            ],
            "version": "==1.4.2"
        },
        "pytz": {
            "hashes": [
                "sha256:3e6b7dd2d1e0a59084bcee14a17af60c5c562cdc16d828e8eba2e683d3a7e268",
                "sha256:5c55e189b682d420be27c6995ba6edce0c0a77dd67bfbe2ae6607134d5851ffd"
            ],
            "version": "==2020.4"
        },
        "requests": {
            "hashes": [
                "sha256:502a824f31acdacb3a35b6690b5fbf0bc41d63a24a45c4004352b0242707598e",
                "sha256:7bf2a778576d825600030a110f3c0e3e8edc51dfaafe1c146e39a2027784957b"
            ],
            "index": "pypi",
            "version": "==2.21.0"
        },
        "six": {
            "hashes": [
                "sha256:30639c035cdb23534cd4aa2dd52c3bf48f06e5f4a941509c8bafd8ce11080259",
                "sha256:8b74bedcbbbaca38ff6d7491d76f2b06b3592611af620f8426e82dddb04a5ced"
            ],
            "version": "==1.15.0"
        },
        "typing-extensions": {
            "hashes": [
                "sha256:7cb407020f00f7bfc3cb3e7881628838e69d8f3fcab2f64742a5e76b2f841918",
                "sha256:99d4073b617d30288f569d3f13d2bd7548c3a7e4c8de87db09a9d29bb3a4a60c",
                "sha256:dafc7639cde7f1b6e1acc0f457842a83e722ccca8eef5270af2d74792619a89f"
            ],
            "version": "==3.7.4.3"
        },
        "urllib3": {
            "hashes": [
                "sha256:2393a695cd12afedd0dcb26fe5d50d0cf248e5a66f75dbd89a3d4eb333a61af4",
                "sha256:a637e5fae88995b256e3409dc4d52c2e2e0ba32c42a6365fee8bbd2238de3cfb"
            ],
            "version": "==1.24.3"
        }
    },
    "develop": {}
}
